<?xml version="1.0" encoding="utf-8"?>
<Project ToolsVersion="4.0" xmlns="http://schemas.microsoft.com/developer/msbuild/2003">
  <ItemGroup>
    <Filter Include="Source Files">
      <UniqueIdentifier>{4FC737F1-C7A5-4376-A066-2A32D752A2FF}</UniqueIdentifier>
      <Extensions>cpp;c;cc;cxx;def;odl;idl;hpj;bat;asm;asmx</Extensions>
    </Filter>
    <Filter Include="Header Files">
      <UniqueIdentifier>{93995380-89BD-4b04-88EB-625FBE52EBFB}</UniqueIdentifier>
      <Extensions>h;hh;hpp;hxx;hm;inl;inc;xsd</Extensions>
    </Filter>
    <Filter Include="Framework">
      <UniqueIdentifier>{f0cad8dd-5a8d-411c-a553-6178fa91de0b}</UniqueIdentifier>
    </Filter>
  </ItemGroup>
  <ItemGroup>
    <ClCompile Include="Game.cpp">
      <Filter>Source Files</Filter>
    </ClCompile>
    <ClCompile Include="Main.cpp">
      <Filter>Source Files</Filter>
    </ClCompile>
    <ClCompile Include="Framework\audiomanager.cpp">
      <Filter>Framework</Filter>
    </ClCompile>
    <ClCompile Include="Framework\AWSprite.cpp">
      <Filter>Framework</Filter>
    </ClCompile>
    <ClCompile Include="Framework\GameBase.cpp">
      <Filter>Framework</Filter>
    </ClCompile>
  </ItemGroup>
  <ItemGroup>
    <ClInclude Include="Game.h">
      <Filter>Header Files</Filter>
    </ClInclude>
    <ClInclude Include="Framework\audiomanager.h">
      <Filter>Framework</Filter>
    </ClInclude>
    <ClInclude Include="Framework\AWFont.h">
      <Filter>Framework</Filter>
    </ClInclude>
    <ClInclude Include="Framework\AWSprite.h">
      <Filter>Framework</Filter>
    </ClInclude>
    <ClInclude Include="Framework\console.h">
      <Filter>Framework</Filter>
    </ClInclude>
    <ClInclude Include="Framework\GameBase.h">
      <Filter>Framework</Filter>
    </ClInclude>
    <ClInclude Include="Framework\random.h">
      <Filter>Framework</Filter>
    </ClInclude>
    <ClInclude Include="Framework\SDL_events.h">
      <Filter>Framework</Filter>
    </ClInclude>
    <ClInclude Include="Framework\SDL_image.h">
      <Filter>Framework</Filter>
    </ClInclude>
    <ClInclude Include="Framework\SDL_keysym.h">
      <Filter>Framework</Filter>
    </ClInclude>
    <ClInclude Include="Framework\SDL_mouse.h">
      <Filter>Framework</Filter>
    </ClInclude>
    <ClInclude Include="Framework\smanip.h">
      <Filter>Framework</Filter>
    </ClInclude>
    <ClInclude Include="Framework\timer.h">
      <Filter>Framework</Filter>
    </ClInclude>
  </ItemGroup>
  <ItemGroup>
    <None Include="Framework\SDL framework.vcxproj.filters">
      <Filter>Framework</Filter>
    </None>
  </ItemGroup>
</Project>